// !$*UTF8*$!
{
	archiveVersion = 1;
	classes = {
	};
	objectVersion = 77;
	objects = {

/* Begin PBXBuildFile section */
		4929B5052E44504100E38495 /* FirebaseAuth in Frameworks */ = {isa = PBXBuildFile; productRef = 4929B5042E44504100E38495 /* FirebaseAuth */; };
		4929B5072E44504100E38495 /* FirebaseCore in Frameworks */ = {isa = PBXBuildFile; productRef = 4929B5062E44504100E38495 /* FirebaseCore */; };
		4929B5092E44504100E38495 /* FirebaseFirestore in Frameworks */ = {isa = PBXBuildFile; productRef = 4929B5082E44504100E38495 /* FirebaseFirestore */; };
		4929B50B2E44504100E38495 /* FirebaseFunctions in Frameworks */ = {isa = PBXBuildFile; productRef = 4929B50A2E44504100E38495 /* FirebaseFunctions */; };
		4929B50D2E44504100E38495 /* FirebaseStorage in Frameworks */ = {isa = PBXBuildFile; productRef = 4929B50C2E44504100E38495 /* FirebaseStorage */; };
		4968A6DA2E54AF3D00EC422C /* OurPlaceModel.xcdatamodeld in Sources */ = {isa = PBXBuildFile; fileRef = 4968A6D82E54AF3D00EC422C /* OurPlaceModel.xcdatamodeld */; };
/* End PBXBuildFile section */

/* Begin PBXContainerItemProxy section */
		4929B4E32E439F4D00E38495 /* PBXContainerItemProxy */ = {
			isa = PBXContainerItemProxy;
			containerPortal = 4929B4CA2E439F4900E38495 /* Project object */;
			proxyType = 1;
			remoteGlobalIDString = 4929B4D12E439F4A00E38495;
			remoteInfo = OurPlace;
		};
		4929B4ED2E439F4D00E38495 /* PBXContainerItemProxy */ = {
			isa = PBXContainerItemProxy;
			containerPortal = 4929B4CA2E439F4900E38495 /* Project object */;
			proxyType = 1;
			remoteGlobalIDString = 4929B4D12E439F4A00E38495;
			remoteInfo = OurPlace;
		};
/* End PBXContainerItemProxy section */

/* Begin PBXFileReference section */
		4929B4D22E439F4A00E38495 /* OurPlace.app */ = {isa = PBXFileReference; explicitFileType = wrapper.application; includeInIndex = 0; path = OurPlace.app; sourceTree = BUILT_PRODUCTS_DIR; };
		4929B4E22E439F4D00E38495 /* OurPlaceTests.xctest */ = {isa = PBXFileReference; explicitFileType = wrapper.cfbundle; includeInIndex = 0; path = OurPlaceTests.xctest; sourceTree = BUILT_PRODUCTS_DIR; };
		4929B4EC2E439F4D00E38495 /* OurPlaceUITests.xctest */ = {isa = PBXFileReference; explicitFileType = wrapper.cfbundle; includeInIndex = 0; path = OurPlaceUITests.xctest; sourceTree = BUILT_PRODUCTS_DIR; };
		4968A6D92E54AF3D00EC422C /* OurPlaceModel.xcdatamodel */ = {isa = PBXFileReference; lastKnownFileType = wrapper.xcdatamodel; path = OurPlaceModel.xcdatamodel; sourceTree = "<group>"; };
/* End PBXFileReference section */

/* Begin PBXFileSystemSynchronizedBuildFileExceptionSet section */
		4929B51B2E44E82900E38495 /* Exceptions for "OurPlace" folder in "OurPlace" target */ = {
			isa = PBXFileSystemSynchronizedBuildFileExceptionSet;
			membershipExceptions = (
				Info.plist,
			);
			target = 4929B4D12E439F4A00E38495 /* OurPlace */;
		};
/* End PBXFileSystemSynchronizedBuildFileExceptionSet section */

/* Begin PBXFileSystemSynchronizedRootGroup section */
		4929B4D42E439F4A00E38495 /* OurPlace */ = {
			isa = PBXFileSystemSynchronizedRootGroup;
			exceptions = (
				4929B51B2E44E82900E38495 /* Exceptions for "OurPlace" folder in "OurPlace" target */,
			);
			path = OurPlace;
			sourceTree = "<group>";
		};
		4929B4E52E439F4D00E38495 /* OurPlaceTests */ = {
			isa = PBXFileSystemSynchronizedRootGroup;
			path = OurPlaceTests;
			sourceTree = "<group>";
		};
		4929B4EF2E439F4D00E38495 /* OurPlaceUITests */ = {
			isa = PBXFileSystemSynchronizedRootGroup;
			path = OurPlaceUITests;
			sourceTree = "<group>";
		};
/* End PBXFileSystemSynchronizedRootGroup section */

/* Begin PBXFrameworksBuildPhase section */
		4929B4CF2E439F4A00E38495 /* Frameworks */ = {
			isa = PBXFrameworksBuildPhase;
			buildActionMask = 2147483647;
			files = (
				4929B5072E44504100E38495 /* FirebaseCore in Frameworks */,
				4929B5052E44504100E38495 /* FirebaseAuth in Frameworks */,
				4929B5092E44504100E38495 /* FirebaseFirestore in Frameworks */,
				4929B50D2E44504100E38495 /* FirebaseStorage in Frameworks */,
				4929B50B2E44504100E38495 /* FirebaseFunctions in Frameworks */,
			);
			runOnlyForDeploymentPostprocessing = 0;
		};
		4929B4DF2E439F4D00E38495 /* Frameworks */ = {
			isa = PBXFrameworksBuildPhase;
			buildActionMask = 2147483647;
			files = (
			);
			runOnlyForDeploymentPostprocessing = 0;
		};
		4929B4E92E439F4D00E38495 /* Frameworks */ = {
			isa = PBXFrameworksBuildPhase;
			buildActionMask = 2147483647;
			files = (
			);
			runOnlyForDeploymentPostprocessing = 0;
		};
/* End PBXFrameworksBuildPhase section */

/* Begin PBXGroup section */
		4929B4C92E439F4900E38495 = {
			isa = PBXGroup;
			children = (
				4968A6D82E54AF3D00EC422C /* OurPlaceModel.xcdatamodeld */,
				4929B4D42E439F4A00E38495 /* OurPlace */,
				4929B4E52E439F4D00E38495 /* OurPlaceTests */,
				4929B4EF2E439F4D00E38495 /* OurPlaceUITests */,
				4929B4D32E439F4A00E38495 /* Products */,
			);
			sourceTree = "<group>";
		};
		4929B4D32E439F4A00E38495 /* Products */ = {
			isa = PBXGroup;
			children = (
				4929B4D22E439F4A00E38495 /* OurPlace.app */,
				4929B4E22E439F4D00E38495 /* OurPlaceTests.xctest */,
				4929B4EC2E439F4D00E38495 /* OurPlaceUITests.xctest */,
			);
			name = Products;
			sourceTree = "<group>";
		};
/* End PBXGroup section */

/* Begin PBXNativeTarget section */
		4929B4D12E439F4A00E38495 /* OurPlace */ = {
			isa = PBXNativeTarget;
			buildConfigurationList = 4929B4F62E439F4D00E38495 /* Build configuration list for PBXNativeTarget "OurPlace" */;
			buildPhases = (
				4929B4CE2E439F4A00E38495 /* Sources */,
				4929B4CF2E439F4A00E38495 /* Frameworks */,
				4929B4D02E439F4A00E38495 /* Resources */,
			);
			buildRules = (
			);
			dependencies = (
			);
			fileSystemSynchronizedGroups = (
				4929B4D42E439F4A00E38495 /* OurPlace */,
			);
			name = OurPlace;
			packageProductDependencies = (
				4929B5042E44504100E38495 /* FirebaseAuth */,
				4929B5062E44504100E38495 /* FirebaseCore */,
				4929B5082E44504100E38495 /* FirebaseFirestore */,
				4929B50A2E44504100E38495 /* FirebaseFunctions */,
				4929B50C2E44504100E38495 /* FirebaseStorage */,
			);
			productName = OurPlace;
			productReference = 4929B4D22E439F4A00E38495 /* OurPlace.app */;
			productType = "com.apple.product-type.application";
		};
		4929B4E12E439F4D00E38495 /* OurPlaceTests */ = {
			isa = PBXNativeTarget;
			buildConfigurationList = 4929B4F92E439F4D00E38495 /* Build configuration list for PBXNativeTarget "OurPlaceTests" */;
			buildPhases = (
				4929B4DE2E439F4D00E38495 /* Sources */,
				4929B4DF2E439F4D00E38495 /* Frameworks */,
				4929B4E02E439F4D00E38495 /* Resources */,
			);
			buildRules = (
			);
			dependencies = (
				4929B4E42E439F4D00E38495 /* PBXTargetDependency */,
			);
			fileSystemSynchronizedGroups = (
				4929B4E52E439F4D00E38495 /* OurPlaceTests */,
			);
			name = OurPlaceTests;
			packageProductDependencies = (
			);
			productName = OurPlaceTests;
			productReference = 4929B4E22E439F4D00E38495 /* OurPlaceTests.xctest */;
			productType = "com.apple.product-type.bundle.unit-test";
		};
		4929B4EB2E439F4D00E38495 /* OurPlaceUITests */ = {
			isa = PBXNativeTarget;
			buildConfigurationList = 4929B4FC2E439F4D00E38495 /* Build configuration list for PBXNativeTarget "OurPlaceUITests" */;
			buildPhases = (
				4929B4E82E439F4D00E38495 /* Sources */,
				4929B4E92E439F4D00E38495 /* Frameworks */,
				4929B4EA2E439F4D00E38495 /* Resources */,
			);
			buildRules = (
			);
			dependencies = (
				4929B4EE2E439F4D00E38495 /* PBXTargetDependency */,
			);
			fileSystemSynchronizedGroups = (
				4929B4EF2E439F4D00E38495 /* OurPlaceUITests */,
			);
			name = OurPlaceUITests;
			packageProductDependencies = (
			);
			productName = OurPlaceUITests;
			productReference = 4929B4EC2E439F4D00E38495 /* OurPlaceUITests.xctest */;
			productType = "com.apple.product-type.bundle.ui-testing";
		};
/* End PBXNativeTarget section */

/* Begin PBXProject section */
		4929B4CA2E439F4900E38495 /* Project object */ = {
			isa = PBXProject;
			attributes = {
				BuildIndependentTargetsInParallel = 1;
				LastSwiftUpdateCheck = 1620;
				LastUpgradeCheck = 1620;
				TargetAttributes = {
					4929B4D12E439F4A00E38495 = {
						CreatedOnToolsVersion = 16.2;
					};
					4929B4E12E439F4D00E38495 = {
						CreatedOnToolsVersion = 16.2;
						TestTargetID = 4929B4D12E439F4A00E38495;
					};
					4929B4EB2E439F4D00E38495 = {
						CreatedOnToolsVersion = 16.2;
						TestTargetID = 4929B4D12E439F4A00E38495;
					};
				};
			};
			buildConfigurationList = 4929B4CD2E439F4900E38495 /* Build configuration list for PBXProject "OurPlace" */;
			developmentRegion = en;
			hasScannedForEncodings = 0;
			knownRegions = (
				en,
				Base,
			);
			mainGroup = 4929B4C92E439F4900E38495;
			minimizedProjectReferenceProxies = 1;
			packageReferences = (
				4929B5032E44504100E38495 /* XCRemoteSwiftPackageReference "firebase-ios-sdk" */,
			);
			preferredProjectObjectVersion = 77;
			productRefGroup = 4929B4D32E439F4A00E38495 /* Products */;
			projectDirPath = "";
			projectRoot = "";
			targets = (
				4929B4D12E439F4A00E38495 /* OurPlace */,
				4929B4E12E439F4D00E38495 /* OurPlaceTests */,
				4929B4EB2E439F4D00E38495 /* OurPlaceUITests */,
			);
		};
/* End PBXProject section */

/* Begin PBXResourcesBuildPhase section */
		4929B4D02E439F4A00E38495 /* Resources */ = {
			isa = PBXResourcesBuildPhase;
			buildActionMask = 2147483647;
			files = (
			);
			runOnlyForDeploymentPostprocessing = 0;
		};
		4929B4E02E439F4D00E38495 /* Resources */ = {
			isa = PBXResourcesBuildPhase;
			buildActionMask = 2147483647;
			files = (
			);
			runOnlyForDeploymentPostprocessing = 0;
		};
		4929B4EA2E439F4D00E38495 /* Resources */ = {
			isa = PBXResourcesBuildPhase;
			buildActionMask = 2147483647;
			files = (
			);
			runOnlyForDeploymentPostprocessing = 0;
		};
/* End PBXResourcesBuildPhase section */

/* Begin PBXSourcesBuildPhase section */
		4929B4CE2E439F4A00E38495 /* Sources */ = {
			isa = PBXSourcesBuildPhase;
			buildActionMask = 2147483647;
			files = (
				4968A6DA2E54AF3D00EC422C /* OurPlaceModel.xcdatamodeld in Sources */,
			);
			runOnlyForDeploymentPostprocessing = 0;
		};
		4929B4DE2E439F4D00E38495 /* Sources */ = {
			isa = PBXSourcesBuildPhase;
			buildActionMask = 2147483647;
			files = (
			);
			runOnlyForDeploymentPostprocessing = 0;
		};
		4929B4E82E439F4D00E38495 /* Sources */ = {
			isa = PBXSourcesBuildPhase;
			buildActionMask = 2147483647;
			files = (
			);
			runOnlyForDeploymentPostprocessing = 0;
		};
/* End PBXSourcesBuildPhase section */

/* Begin PBXTargetDependency section */
		4929B4E42E439F4D00E38495 /* PBXTargetDependency */ = {
			isa = PBXTargetDependency;
			target = 4929B4D12E439F4A00E38495 /* OurPlace */;
			targetProxy = 4929B4E32E439F4D00E38495 /* PBXContainerItemProxy */;
		};
		4929B4EE2E439F4D00E38495 /* PBXTargetDependency */ = {
			isa = PBXTargetDependency;
			target = 4929B4D12E439F4A00E38495 /* OurPlace */;
			targetProxy = 4929B4ED2E439F4D00E38495 /* PBXContainerItemProxy */;
		};
/* End PBXTargetDependency section */

/* Begin XCBuildConfiguration section */
		4929B4F42E439F4D00E38495 /* Debug */ = {
			isa = XCBuildConfiguration;
			buildSettings = {
				ALWAYS_SEARCH_USER_PATHS = NO;
				ASSETCATALOG_COMPILER_GENERATE_SWIFT_ASSET_SYMBOL_EXTENSIONS = YES;
				CLANG_ANALYZER_NONNULL = YES;
				CLANG_ANALYZER_NUMBER_OBJECT_CONVERSION = YES_AGGRESSIVE;
				CLANG_CXX_LANGUAGE_STANDARD = "gnu++20";
				CLANG_ENABLE_MODULES = YES;
				CLANG_ENABLE_OBJC_ARC = YES;
				CLANG_ENABLE_OBJC_WEAK = YES;
				CLANG_WARN_BLOCK_CAPTURE_AUTORELEASING = YES;
				CLANG_WARN_BOOL_CONVERSION = YES;
				CLANG_WARN_COMMA = YES;
				CLANG_WARN_CONSTANT_CONVERSION = YES;
				CLANG_WARN_DEPRECATED_OBJC_IMPLEMENTATIONS = YES;
				CLANG_WARN_DIRECT_OBJC_ISA_USAGE = YES_ERROR;
				CLANG_WARN_DOCUMENTATION_COMMENTS = YES;
				CLANG_WARN_EMPTY_BODY = YES;
				CLANG_WARN_ENUM_CONVERSION = YES;
				CLANG_WARN_INFINITE_RECURSION = YES;
				CLANG_WARN_INT_CONVERSION = YES;
				CLANG_WARN_NON_LITERAL_NULL_CONVERSION = YES;
				CLANG_WARN_OBJC_IMPLICIT_RETAIN_SELF = YES;
				CLANG_WARN_OBJC_LITERAL_CONVERSION = YES;
				CLANG_WARN_OBJC_ROOT_CLASS = YES_ERROR;
				CLANG_WARN_QUOTED_INCLUDE_IN_FRAMEWORK_HEADER = YES;
				CLANG_WARN_RANGE_LOOP_ANALYSIS = YES;
				CLANG_WARN_STRICT_PROTOTYPES = YES;
				CLANG_WARN_SUSPICIOUS_MOVE = YES;
				CLANG_WARN_UNGUARDED_AVAILABILITY = YES_AGGRESSIVE;
				CLANG_WARN_UNREACHABLE_CODE = YES;
				CLANG_WARN__DUPLICATE_METHOD_MATCH = YES;
				COPY_PHASE_STRIP = NO;
				DEBUG_INFORMATION_FORMAT = dwarf;
				ENABLE_STRICT_OBJC_MSGSEND = YES;
				ENABLE_TESTABILITY = YES;
				ENABLE_USER_SCRIPT_SANDBOXING = YES;
				GCC_C_LANGUAGE_STANDARD = gnu17;
				GCC_DYNAMIC_NO_PIC = NO;
				GCC_NO_COMMON_BLOCKS = YES;
				GCC_OPTIMIZATION_LEVEL = 0;
				GCC_PREPROCESSOR_DEFINITIONS = (
					"DEBUG=1",
					"$(inherited)",
				);
				GCC_WARN_64_TO_32_BIT_CONVERSION = YES;
				GCC_WARN_ABOUT_RETURN_TYPE = YES_ERROR;
				GCC_WARN_UNDECLARED_SELECTOR = YES;
				GCC_WARN_UNINITIALIZED_AUTOS = YES_AGGRESSIVE;
				GCC_WARN_UNUSED_FUNCTION = YES;
				GCC_WARN_UNUSED_VARIABLE = YES;
				IPHONEOS_DEPLOYMENT_TARGET = 18.2;
				LOCALIZATION_PREFERS_STRING_CATALOGS = YES;
				MTL_ENABLE_DEBUG_INFO = INCLUDE_SOURCE;
				MTL_FAST_MATH = YES;
				ONLY_ACTIVE_ARCH = YES;
				SDKROOT = iphoneos;
				SWIFT_ACTIVE_COMPILATION_CONDITIONS = "DEBUG $(inherited)";
				SWIFT_OPTIMIZATION_LEVEL = "-Onone";
			};
			name = Debug;
		};
		4929B4F52E439F4D00E38495 /* Release */ = {
			isa = XCBuildConfiguration;
			buildSettings = {
				ALWAYS_SEARCH_USER_PATHS = NO;
				ASSETCATALOG_COMPILER_GENERATE_SWIFT_ASSET_SYMBOL_EXTENSIONS = YES;
				CLANG_ANALYZER_NONNULL = YES;
				CLANG_ANALYZER_NUMBER_OBJECT_CONVERSION = YES_AGGRESSIVE;
				CLANG_CXX_LANGUAGE_STANDARD = "gnu++20";
				CLANG_ENABLE_MODULES = YES;
				CLANG_ENABLE_OBJC_ARC = YES;
				CLANG_ENABLE_OBJC_WEAK = YES;
				CLANG_WARN_BLOCK_CAPTURE_AUTORELEASING = YES;
				CLANG_WARN_BOOL_CONVERSION = YES;
				CLANG_WARN_COMMA = YES;
				CLANG_WARN_CONSTANT_CONVERSION = YES;
				CLANG_WARN_DEPRECATED_OBJC_IMPLEMENTATIONS = YES;
				CLANG_WARN_DIRECT_OBJC_ISA_USAGE = YES_ERROR;
				CLANG_WARN_DOCUMENTATION_COMMENTS = YES;
				CLANG_WARN_EMPTY_BODY = YES;
				CLANG_WARN_ENUM_CONVERSION = YES;
				CLANG_WARN_INFINITE_RECURSION = YES;
				CLANG_WARN_INT_CONVERSION = YES;
				CLANG_WARN_NON_LITERAL_NULL_CONVERSION = YES;
				CLANG_WARN_OBJC_IMPLICIT_RETAIN_SELF = YES;
				CLANG_WARN_OBJC_LITERAL_CONVERSION = YES;
				CLANG_WARN_OBJC_ROOT_CLASS = YES_ERROR;
				CLANG_WARN_QUOTED_INCLUDE_IN_FRAMEWORK_HEADER = YES;
				CLANG_WARN_RANGE_LOOP_ANALYSIS = YES;
				CLANG_WARN_STRICT_PROTOTYPES = YES;
				CLANG_WARN_SUSPICIOUS_MOVE = YES;
				CLANG_WARN_UNGUARDED_AVAILABILITY = YES_AGGRESSIVE;
				CLANG_WARN_UNREACHABLE_CODE = YES;
				CLANG_WARN__DUPLICATE_METHOD_MATCH = YES;
				COPY_PHASE_STRIP = NO;
				DEBUG_INFORMATION_FORMAT = "dwarf-with-dsym";
				ENABLE_NS_ASSERTIONS = NO;
				ENABLE_STRICT_OBJC_MSGSEND = YES;
				ENABLE_USER_SCRIPT_SANDBOXING = YES;
				GCC_C_LANGUAGE_STANDARD = gnu17;
				GCC_NO_COMMON_BLOCKS = YES;
				GCC_WARN_64_TO_32_BIT_CONVERSION = YES;
				GCC_WARN_ABOUT_RETURN_TYPE = YES_ERROR;
				GCC_WARN_UNDECLARED_SELECTOR = YES;
				GCC_WARN_UNINITIALIZED_AUTOS = YES_AGGRESSIVE;
				GCC_WARN_UNUSED_FUNCTION = YES;
				GCC_WARN_UNUSED_VARIABLE = YES;
				IPHONEOS_DEPLOYMENT_TARGET = 18.2;
				LOCALIZATION_PREFERS_STRING_CATALOGS = YES;
				MTL_ENABLE_DEBUG_INFO = NO;
				MTL_FAST_MATH = YES;
				SDKROOT = iphoneos;
				SWIFT_COMPILATION_MODE = wholemodule;
				VALIDATE_PRODUCT = YES;
			};
			name = Release;
		};
		4929B4F72E439F4D00E38495 /* Debug */ = {
			isa = XCBuildConfiguration;
			buildSettings = {
				ASSETCATALOG_COMPILER_APPICON_NAME = AppIcon;
				ASSETCATALOG_COMPILER_GLOBAL_ACCENT_COLOR_NAME = AccentColor;
				CODE_SIGN_STYLE = Automatic;
				CURRENT_PROJECT_VERSION = 1;
				DEVELOPMENT_ASSET_PATHS = "\"OurPlace/Preview Content\"";
				ENABLE_PREVIEWS = YES;
				GENERATE_INFOPLIST_FILE = YES;
				INFOPLIST_FILE = OurPlace/Info.plist;
				INFOPLIST_KEY_UIApplicationSceneManifest_Generation = YES;
				INFOPLIST_KEY_UIApplicationSupportsIndirectInputEvents = YES;
				INFOPLIST_KEY_UILaunchScreen_Generation = YES;
				INFOPLIST_KEY_UISupportedInterfaceOrientations_iPad = "UIInterfaceOrientationPortrait UIInterfaceOrientationPortraitUpsideDown UIInterfaceOrientationLandscapeLeft UIInterfaceOrientationLandscapeRight";
				INFOPLIST_KEY_UISupportedInterfaceOrientations_iPhone = "UIInterfaceOrientationPortrait UIInterfaceOrientationLandscapeLeft UIInterfaceOrientationLandscapeRight";
				LD_RUNPATH_SEARCH_PATHS = (
					"$(inherited)",
					"@executable_path/Frameworks",
				);
				MARKETING_VERSION = 1.0;
				PRODUCT_BUNDLE_IDENTIFIER = com.ioscw016.OurPlace;
				PRODUCT_NAME = "$(TARGET_NAME)";
				SWIFT_EMIT_LOC_STRINGS = YES;
				SWIFT_VERSION = 5.0;
				TARGETED_DEVICE_FAMILY = "1,2";
			};
			name = Debug;
		};
		4929B4F82E439F4D00E38495 /* Release */ = {
			isa = XCBuildConfiguration;
			buildSettings = {
				ASSETCATALOG_COMPILER_APPICON_NAME = AppIcon;
				ASSETCATALOG_COMPILER_GLOBAL_ACCENT_COLOR_NAME = AccentColor;
				CODE_SIGN_STYLE = Automatic;
				CURRENT_PROJECT_VERSION = 1;
				DEVELOPMENT_ASSET_PATHS = "\"OurPlace/Preview Content\"";
				ENABLE_PREVIEWS = YES;
				GENERATE_INFOPLIST_FILE = YES;
				INFOPLIST_FILE = OurPlace/Info.plist;
				INFOPLIST_KEY_UIApplicationSceneManifest_Generation = YES;
				INFOPLIST_KEY_UIApplicationSupportsIndirectInputEvents = YES;
				INFOPLIST_KEY_UILaunchScreen_Generation = YES;
				INFOPLIST_KEY_UISupportedInterfaceOrientations_iPad = "UIInterfaceOrientationPortrait UIInterfaceOrientationPortraitUpsideDown UIInterfaceOrientationLandscapeLeft UIInterfaceOrientationLandscapeRight";
				INFOPLIST_KEY_UISupportedInterfaceOrientations_iPhone = "UIInterfaceOrientationPortrait UIInterfaceOrientationLandscapeLeft UIInterfaceOrientationLandscapeRight";
				LD_RUNPATH_SEARCH_PATHS = (
					"$(inherited)",
					"@executable_path/Frameworks",
				);
				MARKETING_VERSION = 1.0;
				PRODUCT_BUNDLE_IDENTIFIER = com.ioscw016.OurPlace;
				PRODUCT_NAME = "$(TARGET_NAME)";
				SWIFT_EMIT_LOC_STRINGS = YES;
				SWIFT_VERSION = 5.0;
				TARGETED_DEVICE_FAMILY = "1,2";
			};
			name = Release;
		};
		4929B4FA2E439F4D00E38495 /* Debug */ = {
			isa = XCBuildConfiguration;
			buildSettings = {
				BUNDLE_LOADER = "$(TEST_HOST)";
				CODE_SIGN_STYLE = Automatic;
				CURRENT_PROJECT_VERSION = 1;
				GENERATE_INFOPLIST_FILE = YES;
				IPHONEOS_DEPLOYMENT_TARGET = 18.2;
				MARKETING_VERSION = 1.0;
				PRODUCT_BUNDLE_IDENTIFIER = cw.y4016.OurPlaceTests;
				PRODUCT_NAME = "$(TARGET_NAME)";
				SWIFT_EMIT_LOC_STRINGS = NO;
				SWIFT_VERSION = 5.0;
				TARGETED_DEVICE_FAMILY = "1,2";
				TEST_HOST = "$(BUILT_PRODUCTS_DIR)/OurPlace.app/$(BUNDLE_EXECUTABLE_FOLDER_PATH)/OurPlace";
			};
			name = Debug;
		};
		4929B4FB2E439F4D00E38495 /* Release */ = {
			isa = XCBuildConfiguration;
			buildSettings = {
				BUNDLE_LOADER = "$(TEST_HOST)";
				CODE_SIGN_STYLE = Automatic;
				CURRENT_PROJECT_VERSION = 1;
				GENERATE_INFOPLIST_FILE = YES;
				IPHONEOS_DEPLOYMENT_TARGET = 18.2;
				MARKETING_VERSION = 1.0;
				PRODUCT_BUNDLE_IDENTIFIER = cw.y4016.OurPlaceTests;
				PRODUCT_NAME = "$(TARGET_NAME)";
				SWIFT_EMIT_LOC_STRINGS = NO;
				SWIFT_VERSION = 5.0;
				TARGETED_DEVICE_FAMILY = "1,2";
				TEST_HOST = "$(BUILT_PRODUCTS_DIR)/OurPlace.app/$(BUNDLE_EXECUTABLE_FOLDER_PATH)/OurPlace";
			};
			name = Release;
		};
		4929B4FD2E439F4D00E38495 /* Debug */ = {
			isa = XCBuildConfiguration;
			buildSettings = {
				CODE_SIGN_STYLE = Automatic;
				CURRENT_PROJECT_VERSION = 1;
				GENERATE_INFOPLIST_FILE = YES;
				MARKETING_VERSION = 1.0;
				PRODUCT_BUNDLE_IDENTIFIER = cw.y4016.OurPlaceUITests;
				PRODUCT_NAME = "$(TARGET_NAME)";
				SWIFT_EMIT_LOC_STRINGS = NO;
				SWIFT_VERSION = 5.0;
				TARGETED_DEVICE_FAMILY = "1,2";
				TEST_TARGET_NAME = OurPlace;
			};
			name = Debug;
		};
		4929B4FE2E439F4D00E38495 /* Release */ = {
			isa = XCBuildConfiguration;
			buildSettings = {
				CODE_SIGN_STYLE = Automatic;
				CURRENT_PROJECT_VERSION = 1;
				GENERATE_INFOPLIST_FILE = YES;
				MARKETING_VERSION = 1.0;
				PRODUCT_BUNDLE_IDENTIFIER = cw.y4016.OurPlaceUITests;
				PRODUCT_NAME = "$(TARGET_NAME)";
				SWIFT_EMIT_LOC_STRINGS = NO;
				SWIFT_VERSION = 5.0;
				TARGETED_DEVICE_FAMILY = "1,2";
				TEST_TARGET_NAME = OurPlace;
			};
			name = Release;
		};
/* End XCBuildConfiguration section */

/* Begin XCConfigurationList section */
		4929B4CD2E439F4900E38495 /* Build configuration list for PBXProject "OurPlace" */ = {
			isa = XCConfigurationList;
			buildConfigurations = (
				4929B4F42E439F4D00E38495 /* Debug */,
				4929B4F52E439F4D00E38495 /* Release */,
			);
			defaultConfigurationIsVisible = 0;
			defaultConfigurationName = Release;
		};
		4929B4F62E439F4D00E38495 /* Build configuration list for PBXNativeTarget "OurPlace" */ = {
			isa = XCConfigurationList;
			buildConfigurations = (
				4929B4F72E439F4D00E38495 /* Debug */,
				4929B4F82E439F4D00E38495 /* Release */,
			);
			defaultConfigurationIsVisible = 0;
			defaultConfigurationName = Release;
		};
		4929B4F92E439F4D00E38495 /* Build configuration list for PBXNativeTarget "OurPlaceTests" */ = {
			isa = XCConfigurationList;
			buildConfigurations = (
				4929B4FA2E439F4D00E38495 /* Debug */,
				4929B4FB2E439F4D00E38495 /* Release */,
			);
			defaultConfigurationIsVisible = 0;
			defaultConfigurationName = Release;
		};
		4929B4FC2E439F4D00E38495 /* Build configuration list for PBXNativeTarget "OurPlaceUITests" */ = {
			isa = XCConfigurationList;
			buildConfigurations = (
				4929B4FD2E439F4D00E38495 /* Debug */,
				4929B4FE2E439F4D00E38495 /* Release */,
			);
			defaultConfigurationIsVisible = 0;
			defaultConfigurationName = Release;
		};
/* End XCConfigurationList section */

/* Begin XCRemoteSwiftPackageReference section */
		4929B5032E44504100E38495 /* XCRemoteSwiftPackageReference "firebase-ios-sdk" */ = {
			isa = XCRemoteSwiftPackageReference;
			repositoryURL = "https://github.com/firebase/firebase-ios-sdk";
			requirement = {
				kind = upToNextMajorVersion;
				minimumVersion = 12.1.0;
			};
		};
/* End XCRemoteSwiftPackageReference section */

/* Begin XCSwiftPackageProductDependency section */
		4929B5042E44504100E38495 /* FirebaseAuth */ = {
			isa = XCSwiftPackageProductDependency;
			package = 4929B5032E44504100E38495 /* XCRemoteSwiftPackageReference "firebase-ios-sdk" */;
			productName = FirebaseAuth;
		};
		4929B5062E44504100E38495 /* FirebaseCore */ = {
			isa = XCSwiftPackageProductDependency;
			package = 4929B5032E44504100E38495 /* XCRemoteSwiftPackageReference "firebase-ios-sdk" */;
			productName = FirebaseCore;
		};
		4929B5082E44504100E38495 /* FirebaseFirestore */ = {
			isa = XCSwiftPackageProductDependency;
			package = 4929B5032E44504100E38495 /* XCRemoteSwiftPackageReference "firebase-ios-sdk" */;
			productName = FirebaseFirestore;
		};
		4929B50A2E44504100E38495 /* FirebaseFunctions */ = {
			isa = XCSwiftPackageProductDependency;
			package = 4929B5032E44504100E38495 /* XCRemoteSwiftPackageReference "firebase-ios-sdk" */;
			productName = FirebaseFunctions;
		};
		4929B50C2E44504100E38495 /* FirebaseStorage */ = {
			isa = XCSwiftPackageProductDependency;
			package = 4929B5032E44504100E38495 /* XCRemoteSwiftPackageReference "firebase-ios-sdk" */;
			productName = FirebaseStorage;
		};
/* End XCSwiftPackageProductDependency section */

/* Begin XCVersionGroup section */
		4968A6D82E54AF3D00EC422C /* OurPlaceModel.xcdatamodeld */ = {
			isa = XCVersionGroup;
			children = (
				4968A6D92E54AF3D00EC422C /* OurPlaceModel.xcdatamodel */,
			);
			currentVersion = 4968A6D92E54AF3D00EC422C /* OurPlaceModel.xcdatamodel */;
			path = OurPlaceModel.xcdatamodeld;
			sourceTree = "<group>";
			versionGroupType = wrapper.xcdatamodel;
		};
/* End XCVersionGroup section */
	};
	rootObject = 4929B4CA2E439F4900E38495 /* Project object */;
}
